
Microsoft Visual Studio Solution File, Format Version 12.00
# Visual Studio Version 17
VisualStudioVersion = 17.0.32014.148
MinimumVisualStudioVersion = 10.0.40219.1
Project("{FAE04EC0-301F-11D3-BF4B-00C04F79EFBC}") = "BulkyBookWeb", "BulkyBookWeb\BulkyBookWeb.csproj", "{3DDE6994-2A20-4AFC-AF6C-173D68396024}"
EndProject
Global
	GlobalSection(SolutionConfigurationPlatforms) = preSolution
		Debug|Any CPU = Debug|Any CPU
		Release|Any CPU = Release|Any CPU
	EndGlobalSection
	GlobalSection(ProjectConfigurationPlatforms) = postSolution
		{3DDE6994-2A20-4AFC-AF6C-173D68396024}.Debug|Any CPU.ActiveCfg = Debug|Any CPU
		{3DDE6994-2A20-4AFC-AF6C-173D68396024}.Debug|Any CPU.Build.0 = Debug|Any CPU
		{3DDE6994-2A20-4AFC-AF6C-173D68396024}.Release|Any CPU.ActiveCfg = Release|Any CPU
		{3DDE6994-2A20-4AFC-AF6C-173D68396024}.Release|Any CPU.Build.0 = Release|Any CPU
	EndGlobalSection
	GlobalSection(SolutionProperties) = preSolution
		HideSolutionNode = FALSE
	EndGlobalSection
	GlobalSection(ExtensibilityGlobals) = postSolution
		SolutionGuid = {2CC90E9A-5661-4684-B1B1-93E2A85E6FC1}
	EndGlobalSection
EndGlobal
